
Microsoft Visual Studio Solution File, Format Version 12.00
# Visual Studio Version 16
VisualStudioVersion = 16.0.29020.237
MinimumVisualStudioVersion = 10.0.40219.1
Project("{FAE04EC0-301F-11D3-BF4B-00C04F79EFBC}") = "audio-jpeg", "audio-jpeg\audio-jpeg.csproj", "{34A23983-334B-47F4-B171-C9CDFBF9CE52}"
EndProject
Global
	GlobalSection(SolutionConfigurationPlatforms) = preSolution
		Debug|Any CPU = Debug|Any CPU
		Release|Any CPU = Release|Any CPU
	EndGlobalSection
	GlobalSection(ProjectConfigurationPlatforms) = postSolution
		{34A23983-334B-47F4-B171-C9CDFBF9CE52}.Debug|Any CPU.ActiveCfg = Debug|Any CPU
		{34A23983-334B-47F4-B171-C9CDFBF9CE52}.Debug|Any CPU.Build.0 = Debug|Any CPU
		{34A23983-334B-47F4-B171-C9CDFBF9CE52}.Release|Any CPU.ActiveCfg = Release|Any CPU
		{34A23983-334B-47F4-B171-C9CDFBF9CE52}.Release|Any CPU.Build.0 = Release|Any CPU
	EndGlobalSection
	GlobalSection(SolutionProperties) = preSolution
		HideSolutionNode = FALSE
	EndGlobalSection
	GlobalSection(ExtensibilityGlobals) = postSolution
		SolutionGuid = {309F47C9-BFBC-423A-A4A3-51B8ED0A008C}
	EndGlobalSection
EndGlobal
